<?xml version="1.0" encoding="utf-8"?>
<Project ToolsVersion="4.0" xmlns="http://schemas.microsoft.com/developer/msbuild/2003">
  <ItemGroup>
    <Filter Include="Source Files">
      <UniqueIdentifier>{0f6e6fad-dd2b-4bcd-91fe-e0e6504d74fc}</UniqueIdentifier>
      <Extensions>cpp;c;cxx;rc;def;r;odl;idl;hpj;bat</Extensions>
    </Filter>
    <Filter Include="Header Files">
      <UniqueIdentifier>{de66d93b-d9b7-4007-96c1-c8a9d3410a38}</UniqueIdentifier>
    </Filter>
  </ItemGroup>
  <ItemGroup>
    <ClCompile Include="..\c14n.c">
      <Filter>Source Files</Filter>
    </ClCompile>
    <ClCompile Include="..\catalog.c">
      <Filter>Source Files</Filter>
    </ClCompile>
    <ClCompile Include="..\chvalid.c">
      <Filter>Source Files</Filter>
    </ClCompile>
    <ClCompile Include="..\debugXML.c">
      <Filter>Source Files</Filter>
    </ClCompile>
    <ClCompile Include="..\dict.c">
      <Filter>Source Files</Filter>
    </ClCompile>
    <ClCompile Include="..\DOCBparser.c">
      <Filter>Source Files</Filter>
    </ClCompile>
    <ClCompile Include="..\encoding.c">
      <Filter>Source Files</Filter>
    </ClCompile>
    <ClCompile Include="..\entities.c">
      <Filter>Source Files</Filter>
    </ClCompile>
    <ClCompile Include="..\error.c">
      <Filter>Source Files</Filter>
    </ClCompile>
    <ClCompile Include="..\globals.c">
      <Filter>Source Files</Filter>
    </ClCompile>
    <ClCompile Include="..\hash.c">
      <Filter>Source Files</Filter>
    </ClCompile>
    <ClCompile Include="..\HTMLparser.c">
      <Filter>Source Files</Filter>
    </ClCompile>
    <ClCompile Include="..\HTMLtree.c">
      <Filter>Source Files</Filter>
    </ClCompile>
    <ClCompile Include="..\legacy.c">
      <Filter>Source Files</Filter>
    </ClCompile>
    <ClCompile Include="..\list.c">
      <Filter>Source Files</Filter>
    </ClCompile>
    <ClCompile Include="..\nanoftp.c">
      <Filter>Source Files</Filter>
    </ClCompile>
    <ClCompile Include="..\nanohttp.c">
      <Filter>Source Files</Filter>
    </ClCompile>
    <ClCompile Include="..\parser.c">
      <Filter>Source Files</Filter>
    </ClCompile>
    <ClCompile Include="..\parserInternals.c">
      <Filter>Source Files</Filter>
    </ClCompile>
    <ClCompile Include="..\pattern.c">
      <Filter>Source Files</Filter>
    </ClCompile>
    <ClCompile Include="..\relaxng.c">
      <Filter>Source Files</Filter>
    </ClCompile>
    <ClCompile Include="..\SAX.c">
      <Filter>Source Files</Filter>
    </ClCompile>
    <ClCompile Include="..\SAX2.c">
      <Filter>Source Files</Filter>
    </ClCompile>
    <ClCompile Include="..\schematron.c">
      <Filter>Source Files</Filter>
    </ClCompile>
    <ClCompile Include="..\threads.c">
      <Filter>Source Files</Filter>
    </ClCompile>
    <ClCompile Include="..\tree.c">
      <Filter>Source Files</Filter>
    </ClCompile>
    <ClCompile Include="..\trio.c">
      <Filter>Source Files</Filter>
    </ClCompile>
    <ClCompile Include="..\triostr.c">
      <Filter>Source Files</Filter>
    </ClCompile>
    <ClCompile Include="..\uri.c">
      <Filter>Source Files</Filter>
    </ClCompile>
    <ClCompile Include="..\valid.c">
      <Filter>Source Files</Filter>
    </ClCompile>
    <ClCompile Include="..\xinclude.c">
      <Filter>Source Files</Filter>
    </ClCompile>
    <ClCompile Include="..\xlink.c">
      <Filter>Source Files</Filter>
    </ClCompile>
    <ClCompile Include="..\xmlIO.c">
      <Filter>Source Files</Filter>
    </ClCompile>
    <ClCompile Include="..\xmlmemory.c">
      <Filter>Source Files</Filter>
    </ClCompile>
    <ClCompile Include="..\xmlmodule.c">
      <Filter>Source Files</Filter>
    </ClCompile>
    <ClCompile Include="..\xmlreader.c">
      <Filter>Source Files</Filter>
    </ClCompile>
    <ClCompile Include="..\xmlregexp.c">
      <Filter>Source Files</Filter>
    </ClCompile>
    <ClCompile Include="..\xmlsave.c">
      <Filter>Source Files</Filter>
    </ClCompile>
    <ClCompile Include="..\xmlschemas.c">
      <Filter>Source Files</Filter>
    </ClCompile>
    <ClCompile Include="..\xmlschemastypes.c">
      <Filter>Source Files</Filter>
    </ClCompile>
    <ClCompile Include="..\xmlstring.c">
      <Filter>Source Files</Filter>
    </ClCompile>
    <ClCompile Include="..\xmlunicode.c">
      <Filter>Source Files</Filter>
    </ClCompile>
    <ClCompile Include="..\xmlwriter.c">
      <Filter>Source Files</Filter>
    </ClCompile>
    <ClCompile Include="..\xpath.c">
      <Filter>Source Files</Filter>
    </ClCompile>
    <ClCompile Include="..\xpointer.c">
      <Filter>Source Files</Filter>
    </ClCompile>
    <ClCompile Include="..\buf.c">
      <Filter>Source Files</Filter>
    </ClCompile>
  </ItemGroup>
  <ItemGroup>
    <ClInclude Include="..\libxml.h">
      <Filter>Header Files</Filter>
    </ClInclude>
    <ClInclude Include="..\trio.h">
      <Filter>Header Files</Filter>
    </ClInclude>
    <ClInclude Include="..\triodef.h">
      <Filter>Header Files</Filter>
    </ClInclude>
    <ClInclude Include="..\trionan.h">
      <Filter>Header Files</Filter>
    </ClInclude>
    <ClInclude Include="..\triop.h">
      <Filter>Header Files</Filter>
    </ClInclude>
    <ClInclude Include="..\triostr.h">
      <Filter>Header Files</Filter>
    </ClInclude>
    <ClInclude Include="..\enc.h">
      <Filter>Header Files</Filter>
    </ClInclude>
    <ClInclude Include="..\save.h">
      <Filter>Header Files</Filter>
    </ClInclude>
    <ClInclude Include="..\buf.h">
      <Filter>Header Files</Filter>
    </ClInclude>
  </ItemGroup>
</Project>