<?xml version="1.0" encoding="utf-8"?>
<Project ToolsVersion="4.0" xmlns="http://schemas.microsoft.com/developer/msbuild/2003">
  <ItemGroup>
    <Filter Include="Source Files">
      <UniqueIdentifier>{12c46886-7baa-4e6d-b8c2-7a8fb4f2c5a9}</UniqueIdentifier>
      <Extensions>cpp;c;cxx;rc;def;r;odl;idl;hpj;bat</Extensions>
    </Filter>
    <Filter Include="tests">
      <UniqueIdentifier>{e718535f-d217-4193-bd08-fe230ad3fd44}</UniqueIdentifier>
    </Filter>
  </ItemGroup>
  <ItemGroup>
    <ClCompile Include="..\runsuite.c">
      <Filter>Source Files</Filter>
    </ClCompile>
  </ItemGroup>
</Project>