<?xml version="1.0" encoding="utf-8"?>
<Project ToolsVersion="4.0" xmlns="http://schemas.microsoft.com/developer/msbuild/2003">
  <ItemGroup>
    <Filter Include="Source Files">
      <UniqueIdentifier>{49fa09ba-8646-4d92-aef9-f11a5786e536}</UniqueIdentifier>
      <Extensions>cpp;c;cxx;rc;def;r;odl;idl;hpj;bat</Extensions>
    </Filter>
  </ItemGroup>
  <ItemGroup>
    <ClCompile Include="..\testOOM.c">
      <Filter>Source Files</Filter>
    </ClCompile>
    <ClCompile Include="..\testOOMlib.c">
      <Filter>Source Files</Filter>
    </ClCompile>
  </ItemGroup>
  <ItemGroup>
    <ClInclude Include="..\testOOMlib.h">
      <Filter>Source Files</Filter>
    </ClInclude>
  </ItemGroup>
</Project>